{
  "name": "copilot-cli-pin",
  "lockfileVersion": 3,
  "requires": true,
  "packages": {
    "": {
      "name": "copilot-cli-pin",
      "dependencies": {
        "@github/copilot": "1.0.90"
      }
    },
    "node_modules/@github/copilot": {
      "version": "1.0.90",
      "resolved": "https://registry.npmjs.org/@github/copilot/-/copilot-1.0.90.tgz",
      "integrity": "sha512-XNhA7NscW1D/H537wK+NRuUyWNCqK5JIZZ4aknhibZMiOvRLLbasR4t1QxzSEfr+ZOC6AIY9e6PkGMjgOAN5aQ==",
      "license": "SEE LICENSE IN LICENSE.md",
      "dependencies": {
        "detect-libc": "^2.1.2"
      },
      "bin": {
        "copilot": "npm-loader.js"
      },
      "optionalDependencies": {
        "@github/copilot-darwin-arm64": "1.0.90",
        "@github/copilot-darwin-x64": "1.0.90",
        "@github/copilot-linux-arm64": "1.0.90",
        "@github/copilot-linux-x64": "1.0.90",
        "@github/copilot-linuxmusl-arm64": "1.0.90",
        "@github/copilot-linuxmusl-x64": "1.0.90",
        "@github/copilot-win32-arm64": "1.0.90",
        "@github/copilot-win32-x64": "1.0.90"
      }
    },
    "node_modules/@github/copilot-darwin-arm64": {
      "version": "1.0.90",
      "resolved": "https://registry.npmjs.org/@github/copilot-darwin-arm64/-/copilot-darwin-arm64-1.0.90.tgz",
      "integrity": "sha512-TmNxIy9ANQPnc1clDKCHaCnx9QyEtTsOcf6+rKcNH/gXdyq4xk0UH2MaTCyhGMyXGQWelbo5zf05iJpexE4kHw==",
      "cpu": [
        "arm64"
      ],
      "license": "SEE LICENSE IN LICENSE.md",
      "optional": true,
      "os": [
        "darwin"
      ],
      "bin": {
        "copilot-darwin-arm64": "copilot"
      }
    },
    "node_modules/@github/copilot-darwin-x64": {
      "version": "1.0.90",
      "resolved": "https://registry.npmjs.org/@github/copilot-darwin-x64/-/copilot-darwin-x64-1.0.90.tgz",
      "integrity": "sha512-ijhikBWJHQhplFUznNcpdLBlyHBCn0d46iPjZRZGS9wuA4gjhOybChIiC4C5vgbqY7lxx/59+FPmIiETUtXpbg==",
      "cpu": [
        "x64"
      ],
      "license": "SEE LICENSE IN LICENSE.md",
      "optional": true,
      "os": [
        "darwin"
      ],
      "bin": {
        "copilot-darwin-x64": "copilot"
      }
    },
    "node_modules/@github/copilot-linux-arm64": {
      "version": "1.0.90",
      "resolved": "https://registry.npmjs.org/@github/copilot-linux-arm64/-/copilot-linux-arm64-1.0.90.tgz",
      "integrity": "sha512-lwc/dL93eacvmm7uTM+QZ5HHUniWaXu+p49rTN1Utg4+dGx6VeBuJ1pg5x4/3MhMeKRPiwFk3WSacazSpOI/nw==",
      "cpu": [
        "arm64"
      ],
      "license": "SEE LICENSE IN LICENSE.md",
      "optional": true,
      "os": [
        "linux"
      ],
      "bin": {
        "copilot-linux-arm64": "copilot"
      }
    },
    "node_modules/@github/copilot-linux-x64": {
      "version": "1.0.90",
      "resolved": "https://registry.npmjs.org/@github/copilot-linux-x64/-/copilot-linux-x64-1.0.90.tgz",
      "integrity": "sha512-6kER/d/7xxyoP4wF9k48L0KIY/tyDLESGFpcKkVebzTfuhcwQhJx/E+XPeMupWJxdSTBRy0/D0eLEjR27hnydA==",
      "cpu": [
        "x64"
      ],
      "license": "SEE LICENSE IN LICENSE.md",
      "optional": true,
      "os": [
        "linux"
      ],
      "bin": {
        "copilot-linux-x64": "copilot"
      }
    },
    "node_modules/@github/copilot-linuxmusl-arm64": {
      "version": "1.0.90",
      "resolved": "https://registry.npmjs.org/@github/copilot-linuxmusl-arm64/-/copilot-linuxmusl-arm64-1.0.90.tgz",
      "integrity": "sha512-WVajiA2GRRbud7GU5e92zZ52Yb6G5PmCPpBSJYFFYlGiZgnzcwgkFw/CT5sbjq9I4AgV0+4vlemI+gg6i/0flA==",
      "cpu": [
        "arm64"
      ],
      "license": "SEE LICENSE IN LICENSE.md",
      "optional": true,
      "os": [
        "linux"
      ],
      "bin": {
        "copilot-linuxmusl-arm64": "copilot"
      }
    },
    "node_modules/@github/copilot-linuxmusl-x64": {
      "version": "1.0.90",
      "resolved": "https://registry.npmjs.org/@github/copilot-linuxmusl-x64/-/copilot-linuxmusl-x64-1.0.90.tgz",
      "integrity": "sha512-nNjN0ksFKTjTEP3QlTtCstbbVBsQVhBlTcIRJGJ5pc2BglRGUkoCL5CThDb7HB2lWaSPy8s4Xl72hq75pHjEoQ==",
      "cpu": [
        "x64"
      ],
      "license": "SEE LICENSE IN LICENSE.md",
      "optional": true,
      "os": [
        "linux"
      ],
      "bin": {
        "copilot-linuxmusl-x64": "copilot"
      }
    },
    "node_modules/@github/copilot-win32-arm64": {
      "version": "1.0.90",
      "resolved": "https://registry.npmjs.org/@github/copilot-win32-arm64/-/copilot-win32-arm64-1.0.90.tgz",
      "integrity": "sha512-m2oqAfb2tV9RNOqA4eACCX/IOjTemyn35ssXykBOo8XqzXXzrEANk1HfWABdGazwECv71+67MqjfDie7KcoqiA==",
      "cpu": [
        "arm64"
      ],
      "license": "SEE LICENSE IN LICENSE.md",
      "optional": true,
      "os": [
        "win32"
      ],
      "bin": {
        "copilot-win32-arm64": "copilot.exe"
      }
    },
    "node_modules/@github/copilot-win32-x64": {
      "version": "1.0.90",
      "resolved": "https://registry.npmjs.org/@github/copilot-win32-x64/-/copilot-win32-x64-1.0.90.tgz",
      "integrity": "sha512-TmEvC8re59VLGuya4p4lsuxdr/xvwlGG0wSdo8sYJRuocNlsAYRnBxHXpQBg2t3RKMVQdkN2q6Ya9GhOL7TZGA==",
      "cpu": [
        "x64"
      ],
      "license": "SEE LICENSE IN LICENSE.md",
      "optional": true,
      "os": [
        "win32"
      ],
      "bin": {
        "copilot-win32-x64": "copilot.exe"
      }
    },
    "node_modules/detect-libc": {
      "version": "2.1.2",
      "resolved": "https://registry.npmjs.org/detect-libc/-/detect-libc-2.1.2.tgz",
      "integrity": "sha512-Btj2BOOO83o3WyH59e8MgXsxEQVcarkUOpEYrubB0urwnN10yQ364rsiByU11nZlqWYZm05i/of7io4mzihBtQ==",
      "license": "Apache-2.0",
      "engines": {
        "node": ">=8"
      }
    }
  }
}
